
Microsoft Visual Studio Solution File, Format Version 12.00
# Visual Studio Version 16
VisualStudioVersion = 16.0.31105.61
MinimumVisualStudioVersion = 10.0.40219.1
Project("{FAE04EC0-301F-11D3-BF4B-00C04F79EFBC}") = "Telefonen ukazatel raboti", "Telefonen ukazatel raboti.csproj", "{C5BB6EF8-4220-450E-8FD6-288E9BBEE84F}"
EndProject
Global
	GlobalSection(SolutionConfigurationPlatforms) = preSolution
		Debug|Any CPU = Debug|Any CPU
		Release|Any CPU = Release|Any CPU
	EndGlobalSection
	GlobalSection(ProjectConfigurationPlatforms) = postSolution
		{C5BB6EF8-4220-450E-8FD6-288E9BBEE84F}.Debug|Any CPU.ActiveCfg = Debug|Any CPU
		{C5BB6EF8-4220-450E-8FD6-288E9BBEE84F}.Debug|Any CPU.Build.0 = Debug|Any CPU
		{C5BB6EF8-4220-450E-8FD6-288E9BBEE84F}.Release|Any CPU.ActiveCfg = Release|Any CPU
		{C5BB6EF8-4220-450E-8FD6-288E9BBEE84F}.Release|Any CPU.Build.0 = Release|Any CPU
	EndGlobalSection
	GlobalSection(SolutionProperties) = preSolution
		HideSolutionNode = FALSE
	EndGlobalSection
	GlobalSection(ExtensibilityGlobals) = postSolution
		SolutionGuid = {C72F7338-7D5C-4132-8187-8D5868C51760}
	EndGlobalSection
EndGlobal
